
Microsoft Visual Studio Solution File, Format Version 12.00
# Visual Studio Version 17
VisualStudioVersion = 17.8.34408.163
MinimumVisualStudioVersion = 10.0.40219.1
Project("{FAE04EC0-301F-11D3-BF4B-00C04F79EFBC}") = "InventoryManagementSystem", "InventoryManagementSystem.csproj", "{756E839F-D568-4CBA-9C84-450A19CC7030}"
EndProject
Global
	GlobalSection(SolutionConfigurationPlatforms) = preSolution
		Debug|Any CPU = Debug|Any CPU
		Release|Any CPU = Release|Any CPU
	EndGlobalSection
	GlobalSection(ProjectConfigurationPlatforms) = postSolution
		{756E839F-D568-4CBA-9C84-450A19CC7030}.Debug|Any CPU.ActiveCfg = Debug|Any CPU
		{756E839F-D568-4CBA-9C84-450A19CC7030}.Debug|Any CPU.Build.0 = Debug|Any CPU
		{756E839F-D568-4CBA-9C84-450A19CC7030}.Release|Any CPU.ActiveCfg = Release|Any CPU
		{756E839F-D568-4CBA-9C84-450A19CC7030}.Release|Any CPU.Build.0 = Release|Any CPU
	EndGlobalSection
	GlobalSection(SolutionProperties) = preSolution
		HideSolutionNode = FALSE
	EndGlobalSection
	GlobalSection(ExtensibilityGlobals) = postSolution
		SolutionGuid = {177EB26E-A4BF-4F2F-A843-AF53B26E05D1}
	EndGlobalSection
EndGlobal
