
Microsoft Visual Studio Solution File, Format Version 12.00
# Visual Studio Version 17
VisualStudioVersion = 17.7.34018.315
MinimumVisualStudioVersion = 10.0.40219.1
Project("{FAE04EC0-301F-11D3-BF4B-00C04F79EFBC}") = "CafeManagementSystem", "CafeManagementSystem\CafeManagementSystem.csproj", "{6F6F8450-02DF-4C71-A578-E99931D53D87}"
EndProject
Global
	GlobalSection(SolutionConfigurationPlatforms) = preSolution
		Debug|Any CPU = Debug|Any CPU
		Release|Any CPU = Release|Any CPU
	EndGlobalSection
	GlobalSection(ProjectConfigurationPlatforms) = postSolution
		{6F6F8450-02DF-4C71-A578-E99931D53D87}.Debug|Any CPU.ActiveCfg = Debug|Any CPU
		{6F6F8450-02DF-4C71-A578-E99931D53D87}.Debug|Any CPU.Build.0 = Debug|Any CPU
		{6F6F8450-02DF-4C71-A578-E99931D53D87}.Release|Any CPU.ActiveCfg = Release|Any CPU
		{6F6F8450-02DF-4C71-A578-E99931D53D87}.Release|Any CPU.Build.0 = Release|Any CPU
	EndGlobalSection
	GlobalSection(SolutionProperties) = preSolution
		HideSolutionNode = FALSE
	EndGlobalSection
	GlobalSection(ExtensibilityGlobals) = postSolution
		SolutionGuid = {BCE43929-542B-402E-BDE1-771D460F0E62}
	EndGlobalSection
EndGlobal
